// !$*UTF8*$!
{
	archiveVersion = 1;
	classes = {
	};
	objectVersion = 50;
	objects = {

/* Begin PBXBuildFile section */
		5C168EE6215141AD00D34892 /* file_io.cpp in Sources */ = {isa = PBXBuildFile; fileRef = 5C168EDF215141AC00D34892 /* file_io.cpp */; };
		5C168EE7215141AD00D34892 /* main.cpp in Sources */ = {isa = PBXBuildFile; fileRef = 5C168EE0215141AD00D34892 /* main.cpp */; };
		5C168EE8215141AD00D34892 /* helper_functions.cpp in Sources */ = {isa = PBXBuildFile; fileRef = 5C168EE1215141AD00D34892 /* helper_functions.cpp */; };
		5C168EED21514ADB00D34892 /* libglfw.3.3.dylib in Frameworks */ = {isa = PBXBuildFile; fileRef = 5C168EEC21514ADB00D34892 /* libglfw.3.3.dylib */; };
		5C168EF021514C1D00D34892 /* libglfw.3.3.dylib in CopyFiles */ = {isa = PBXBuildFile; fileRef = 5C168EEC21514ADB00D34892 /* libglfw.3.3.dylib */; settings = {ATTRIBUTES = (CodeSignOnCopy, ); }; };
		5C168EF32151568300D34892 /* libvulkan.1.dylib in Frameworks */ = {isa = PBXBuildFile; fileRef = 5C168EF22151568300D34892 /* libvulkan.1.dylib */; };
		5C168EF42151569300D34892 /* libvulkan.1.dylib in CopyFiles */ = {isa = PBXBuildFile; fileRef = 5C168EF22151568300D34892 /* libvulkan.1.dylib */; settings = {ATTRIBUTES = (CodeSignOnCopy, ); }; };
/* End PBXBuildFile section */

/* Begin PBXCopyFilesBuildPhase section */
		5C168ED32151413F00D34892 /* CopyFiles */ = {
			isa = PBXCopyFilesBuildPhase;
			buildActionMask = 12;
			dstPath = "";
			dstSubfolderSpec = 10;
			files = (
				5C168EF42151569300D34892 /* libvulkan.1.dylib in CopyFiles */,
				5C168EF021514C1D00D34892 /* libglfw.3.3.dylib in CopyFiles */,
			);
			runOnlyForDeploymentPostprocessing = 0;
		};
/* End PBXCopyFilesBuildPhase section */

/* Begin PBXFileReference section */
		5C168ED52151413F00D34892 /* vulkan_app */ = {isa = PBXFileReference; explicitFileType = "compiled.mach-o.executable"; includeInIndex = 0; path = vulkan_app; sourceTree = BUILT_PRODUCTS_DIR; };
		5C168EDF215141AC00D34892 /* file_io.cpp */ = {isa = PBXFileReference; fileEncoding = 4; lastKnownFileType = sourcecode.cpp.cpp; path = file_io.cpp; sourceTree = "<group>"; };
		5C168EE0215141AD00D34892 /* main.cpp */ = {isa = PBXFileReference; fileEncoding = 4; lastKnownFileType = sourcecode.cpp.cpp; path = main.cpp; sourceTree = "<group>"; };
		5C168EE1215141AD00D34892 /* helper_functions.cpp */ = {isa = PBXFileReference; fileEncoding = 4; lastKnownFileType = sourcecode.cpp.cpp; path = helper_functions.cpp; sourceTree = "<group>"; };
		5C168EE2215141AD00D34892 /* helper_functions.h */ = {isa = PBXFileReference; fileEncoding = 4; lastKnownFileType = sourcecode.c.h; path = helper_functions.h; sourceTree = "<group>"; };
		5C168EE3215141AD00D34892 /* shaders */ = {isa = PBXFileReference; lastKnownFileType = folder; path = shaders; sourceTree = "<group>"; };
		5C168EE4215141AD00D34892 /* file_io.h */ = {isa = PBXFileReference; fileEncoding = 4; lastKnownFileType = sourcecode.c.h; path = file_io.h; sourceTree = "<group>"; };
		5C168EE5215141AD00D34892 /* textures */ = {isa = PBXFileReference; lastKnownFileType = folder; path = textures; sourceTree = "<group>"; };
		5C168EEC21514ADB00D34892 /* libglfw.3.3.dylib */ = {isa = PBXFileReference; lastKnownFileType = "compiled.mach-o.dylib"; name = libglfw.3.3.dylib; path = "../../../../../usr/local/Cellar/glfw/HEAD-15cad02/lib/libglfw.3.3.dylib"; sourceTree = "<group>"; };
		5C168EF22151568300D34892 /* libvulkan.1.dylib */ = {isa = PBXFileReference; lastKnownFileType = "compiled.mach-o.dylib"; name = libvulkan.1.dylib; path = "../../vulkansdk-macos-1.1.82.1/macOS/lib/libvulkan.1.dylib"; sourceTree = "<group>"; };
/* End PBXFileReference section */

/* Begin PBXFrameworksBuildPhase section */
		5C168ED22151413F00D34892 /* Frameworks */ = {
			isa = PBXFrameworksBuildPhase;
			buildActionMask = 2147483647;
			files = (
				5C168EF32151568300D34892 /* libvulkan.1.dylib in Frameworks */,
				5C168EED21514ADB00D34892 /* libglfw.3.3.dylib in Frameworks */,
			);
			runOnlyForDeploymentPostprocessing = 0;
		};
/* End PBXFrameworksBuildPhase section */

/* Begin PBXGroup section */
		5C168ECC2151413F00D34892 = {
			isa = PBXGroup;
			children = (
				5C168ED72151413F00D34892 /* vulkan_app */,
				5C168ED62151413F00D34892 /* Products */,
				5C168EE9215146E600D34892 /* Frameworks */,
			);
			sourceTree = "<group>";
		};
		5C168ED62151413F00D34892 /* Products */ = {
			isa = PBXGroup;
			children = (
				5C168ED52151413F00D34892 /* vulkan_app */,
			);
			name = Products;
			sourceTree = "<group>";
		};
		5C168ED72151413F00D34892 /* vulkan_app */ = {
			isa = PBXGroup;
			children = (
				5C168EDF215141AC00D34892 /* file_io.cpp */,
				5C168EE4215141AD00D34892 /* file_io.h */,
				5C168EE1215141AD00D34892 /* helper_functions.cpp */,
				5C168EE2215141AD00D34892 /* helper_functions.h */,
				5C168EE0215141AD00D34892 /* main.cpp */,
				5C168EE3215141AD00D34892 /* shaders */,
				5C168EE5215141AD00D34892 /* textures */,
			);
			path = vulkan_app;
			sourceTree = "<group>";
		};
		5C168EE9215146E600D34892 /* Frameworks */ = {
			isa = PBXGroup;
			children = (
				5C168EF22151568300D34892 /* libvulkan.1.dylib */,
				5C168EEC21514ADB00D34892 /* libglfw.3.3.dylib */,
			);
			name = Frameworks;
			sourceTree = "<group>";
		};
/* End PBXGroup section */

/* Begin PBXNativeTarget section */
		5C168ED42151413F00D34892 /* vulkan_app */ = {
			isa = PBXNativeTarget;
			buildConfigurationList = 5C168EDC2151413F00D34892 /* Build configuration list for PBXNativeTarget "vulkan_app" */;
			buildPhases = (
				5C168ED12151413F00D34892 /* Sources */,
				5C168ED22151413F00D34892 /* Frameworks */,
				5C168ED32151413F00D34892 /* CopyFiles */,
			);
			buildRules = (
			);
			dependencies = (
			);
			name = vulkan_app;
			productName = vulkan_app;
			productReference = 5C168ED52151413F00D34892 /* vulkan_app */;
			productType = "com.apple.product-type.tool";
		};
/* End PBXNativeTarget section */

/* Begin PBXProject section */
		5C168ECD2151413F00D34892 /* Project object */ = {
			isa = PBXProject;
			attributes = {
				LastUpgradeCheck = 0940;
				ORGANIZATIONNAME = "David Eränen";
				TargetAttributes = {
					5C168ED42151413F00D34892 = {
						CreatedOnToolsVersion = 9.4.1;
					};
				};
			};
			buildConfigurationList = 5C168ED02151413F00D34892 /* Build configuration list for PBXProject "vulkan_app" */;
			compatibilityVersion = "Xcode 9.3";
			developmentRegion = en;
			hasScannedForEncodings = 0;
			knownRegions = (
				en,
			);
			mainGroup = 5C168ECC2151413F00D34892;
			productRefGroup = 5C168ED62151413F00D34892 /* Products */;
			projectDirPath = "";
			projectRoot = "";
			targets = (
				5C168ED42151413F00D34892 /* vulkan_app */,
			);
		};
/* End PBXProject section */

/* Begin PBXSourcesBuildPhase section */
		5C168ED12151413F00D34892 /* Sources */ = {
			isa = PBXSourcesBuildPhase;
			buildActionMask = 2147483647;
			files = (
				5C168EE8215141AD00D34892 /* helper_functions.cpp in Sources */,
				5C168EE7215141AD00D34892 /* main.cpp in Sources */,
				5C168EE6215141AD00D34892 /* file_io.cpp in Sources */,
			);
			runOnlyForDeploymentPostprocessing = 0;
		};
/* End PBXSourcesBuildPhase section */

/* Begin XCBuildConfiguration section */
		5C168EDA2151413F00D34892 /* Debug */ = {
			isa = XCBuildConfiguration;
			buildSettings = {
				ALWAYS_SEARCH_USER_PATHS = NO;
				CLANG_ANALYZER_NONNULL = YES;
				CLANG_ANALYZER_NUMBER_OBJECT_CONVERSION = YES_AGGRESSIVE;
				CLANG_CXX_LANGUAGE_STANDARD = "gnu++14";
				CLANG_CXX_LIBRARY = "libc++";
				CLANG_ENABLE_MODULES = YES;
				CLANG_ENABLE_OBJC_ARC = YES;
				CLANG_ENABLE_OBJC_WEAK = YES;
				CLANG_WARN_BLOCK_CAPTURE_AUTORELEASING = YES;
				CLANG_WARN_BOOL_CONVERSION = YES;
				CLANG_WARN_COMMA = YES;
				CLANG_WARN_CONSTANT_CONVERSION = YES;
				CLANG_WARN_DEPRECATED_OBJC_IMPLEMENTATIONS = YES;
				CLANG_WARN_DIRECT_OBJC_ISA_USAGE = YES_ERROR;
				CLANG_WARN_DOCUMENTATION_COMMENTS = YES;
				CLANG_WARN_EMPTY_BODY = YES;
				CLANG_WARN_ENUM_CONVERSION = YES;
				CLANG_WARN_INFINITE_RECURSION = YES;
				CLANG_WARN_INT_CONVERSION = YES;
				CLANG_WARN_NON_LITERAL_NULL_CONVERSION = YES;
				CLANG_WARN_OBJC_IMPLICIT_RETAIN_SELF = YES;
				CLANG_WARN_OBJC_LITERAL_CONVERSION = YES;
				CLANG_WARN_OBJC_ROOT_CLASS = YES_ERROR;
				CLANG_WARN_RANGE_LOOP_ANALYSIS = YES;
				CLANG_WARN_STRICT_PROTOTYPES = YES;
				CLANG_WARN_SUSPICIOUS_MOVE = YES;
				CLANG_WARN_UNGUARDED_AVAILABILITY = YES_AGGRESSIVE;
				CLANG_WARN_UNREACHABLE_CODE = YES;
				CLANG_WARN__DUPLICATE_METHOD_MATCH = YES;
				CODE_SIGN_IDENTITY = "-";
				COPY_PHASE_STRIP = NO;
				DEBUG_INFORMATION_FORMAT = dwarf;
				ENABLE_STRICT_OBJC_MSGSEND = YES;
				ENABLE_TESTABILITY = YES;
				GCC_C_LANGUAGE_STANDARD = gnu11;
				GCC_DYNAMIC_NO_PIC = NO;
				GCC_NO_COMMON_BLOCKS = YES;
				GCC_OPTIMIZATION_LEVEL = 0;
				GCC_PREPROCESSOR_DEFINITIONS = (
					"DEBUG=1",
					"$(inherited)",
				);
				GCC_WARN_64_TO_32_BIT_CONVERSION = YES;
				GCC_WARN_ABOUT_RETURN_TYPE = YES_ERROR;
				GCC_WARN_UNDECLARED_SELECTOR = YES;
				GCC_WARN_UNINITIALIZED_AUTOS = YES_AGGRESSIVE;
				GCC_WARN_UNUSED_FUNCTION = YES;
				GCC_WARN_UNUSED_VARIABLE = YES;
				MACOSX_DEPLOYMENT_TARGET = 10.13;
				MTL_ENABLE_DEBUG_INFO = YES;
				ONLY_ACTIVE_ARCH = YES;
				SDKROOT = macosx;
			};
			name = Debug;
		};
		5C168EDB2151413F00D34892 /* Release */ = {
			isa = XCBuildConfiguration;
			buildSettings = {
				ALWAYS_SEARCH_USER_PATHS = NO;
				CLANG_ANALYZER_NONNULL = YES;
				CLANG_ANALYZER_NUMBER_OBJECT_CONVERSION = YES_AGGRESSIVE;
				CLANG_CXX_LANGUAGE_STANDARD = "gnu++14";
				CLANG_CXX_LIBRARY = "libc++";
				CLANG_ENABLE_MODULES = YES;
				CLANG_ENABLE_OBJC_ARC = YES;
				CLANG_ENABLE_OBJC_WEAK = YES;
				CLANG_WARN_BLOCK_CAPTURE_AUTORELEASING = YES;
				CLANG_WARN_BOOL_CONVERSION = YES;
				CLANG_WARN_COMMA = YES;
				CLANG_WARN_CONSTANT_CONVERSION = YES;
				CLANG_WARN_DEPRECATED_OBJC_IMPLEMENTATIONS = YES;
				CLANG_WARN_DIRECT_OBJC_ISA_USAGE = YES_ERROR;
				CLANG_WARN_DOCUMENTATION_COMMENTS = YES;
				CLANG_WARN_EMPTY_BODY = YES;
				CLANG_WARN_ENUM_CONVERSION = YES;
				CLANG_WARN_INFINITE_RECURSION = YES;
				CLANG_WARN_INT_CONVERSION = YES;
				CLANG_WARN_NON_LITERAL_NULL_CONVERSION = YES;
				CLANG_WARN_OBJC_IMPLICIT_RETAIN_SELF = YES;
				CLANG_WARN_OBJC_LITERAL_CONVERSION = YES;
				CLANG_WARN_OBJC_ROOT_CLASS = YES_ERROR;
				CLANG_WARN_RANGE_LOOP_ANALYSIS = YES;
				CLANG_WARN_STRICT_PROTOTYPES = YES;
				CLANG_WARN_SUSPICIOUS_MOVE = YES;
				CLANG_WARN_UNGUARDED_AVAILABILITY = YES_AGGRESSIVE;
				CLANG_WARN_UNREACHABLE_CODE = YES;
				CLANG_WARN__DUPLICATE_METHOD_MATCH = YES;
				CODE_SIGN_IDENTITY = "-";
				COPY_PHASE_STRIP = NO;
				DEBUG_INFORMATION_FORMAT = "dwarf-with-dsym";
				ENABLE_NS_ASSERTIONS = NO;
				ENABLE_STRICT_OBJC_MSGSEND = YES;
				GCC_C_LANGUAGE_STANDARD = gnu11;
				GCC_NO_COMMON_BLOCKS = YES;
				GCC_WARN_64_TO_32_BIT_CONVERSION = YES;
				GCC_WARN_ABOUT_RETURN_TYPE = YES_ERROR;
				GCC_WARN_UNDECLARED_SELECTOR = YES;
				GCC_WARN_UNINITIALIZED_AUTOS = YES_AGGRESSIVE;
				GCC_WARN_UNUSED_FUNCTION = YES;
				GCC_WARN_UNUSED_VARIABLE = YES;
				MACOSX_DEPLOYMENT_TARGET = 10.13;
				MTL_ENABLE_DEBUG_INFO = NO;
				SDKROOT = macosx;
			};
			name = Release;
		};
		5C168EDD2151413F00D34892 /* Debug */ = {
			isa = XCBuildConfiguration;
			buildSettings = {
				CODE_SIGN_STYLE = Automatic;
				HEADER_SEARCH_PATHS = (
					/usr/local/include,
					"/Users/deranen/dev/vulkansdk-macos-1.1.82.1/macOS/include",
					"/Users/deranen/dev/stb-master",
					"/Users/deranen/dev/tinyobjloader-master",
				);
				LIBRARY_SEARCH_PATHS = (
					/usr/local/lib,
					"/Users/deranen/dev/vulkansdk-macos-1.1.82.1/macOS/lib",
					"/usr/local/Cellar/glfw/HEAD-15cad02/lib",
				);
				OTHER_LDFLAGS = "";
				PRODUCT_NAME = "$(TARGET_NAME)";
			};
			name = Debug;
		};
		5C168EDE2151413F00D34892 /* Release */ = {
			isa = XCBuildConfiguration;
			buildSettings = {
				CODE_SIGN_STYLE = Automatic;
				HEADER_SEARCH_PATHS = (
					/usr/local/include,
					"/Users/deranen/dev/vulkansdk-macos-1.1.82.1/macOS/include",
					"/Users/deranen/dev/stb-master",
					"/Users/deranen/dev/tinyobjloader-master",
				);
				LIBRARY_SEARCH_PATHS = (
					/usr/local/lib,
					"/Users/deranen/dev/vulkansdk-macos-1.1.82.1/macOS/lib",
					"/usr/local/Cellar/glfw/HEAD-15cad02/lib",
				);
				OTHER_LDFLAGS = "";
				PRODUCT_NAME = "$(TARGET_NAME)";
			};
			name = Release;
		};
/* End XCBuildConfiguration section */

/* Begin XCConfigurationList section */
		5C168ED02151413F00D34892 /* Build configuration list for PBXProject "vulkan_app" */ = {
			isa = XCConfigurationList;
			buildConfigurations = (
				5C168EDA2151413F00D34892 /* Debug */,
				5C168EDB2151413F00D34892 /* Release */,
			);
			defaultConfigurationIsVisible = 0;
			defaultConfigurationName = Release;
		};
		5C168EDC2151413F00D34892 /* Build configuration list for PBXNativeTarget "vulkan_app" */ = {
			isa = XCConfigurationList;
			buildConfigurations = (
				5C168EDD2151413F00D34892 /* Debug */,
				5C168EDE2151413F00D34892 /* Release */,
			);
			defaultConfigurationIsVisible = 0;
			defaultConfigurationName = Release;
		};
/* End XCConfigurationList section */
	};
	rootObject = 5C168ECD2151413F00D34892 /* Project object */;
}
